{
  "name": "mepper",
  "lockfileVersion": 2,
  "requires": true,
  "packages": {
    "": {
      "dependencies": {
        "ascii-bar": "^1.0.3",
        "pcm": "^1.0.3"
      }
    },
    "node_modules/ascii-bar": {
      "version": "1.0.3",
      "resolved": "https://registry.npmjs.org/ascii-bar/-/ascii-bar-1.0.3.tgz",
      "integrity": "sha512-03/Or+57cC3kGc7oOS4ASt/HPmApUfEs+pGd+W2Z878Y2CpZ76xKiNxTxwdLFlFXFBnJNFM1c6kO8fuYwwzYlg=="
    },
    "node_modules/pcm": {
      "version": "1.0.3",
      "resolved": "https://registry.npmjs.org/pcm/-/pcm-1.0.3.tgz",
      "integrity": "sha512-N/qULxlCd++KuA4gAi9+wG9HpPmSOHowYj6KumrGsaoDVrcswut6K/GomqoFcbVXSnAnAf2SevVn1ehTQgFdHA=="
    }
  },
  "dependencies": {
    "ascii-bar": {
      "version": "1.0.3",
      "resolved": "https://registry.npmjs.org/ascii-bar/-/ascii-bar-1.0.3.tgz",
      "integrity": "sha512-03/Or+57cC3kGc7oOS4ASt/HPmApUfEs+pGd+W2Z878Y2CpZ76xKiNxTxwdLFlFXFBnJNFM1c6kO8fuYwwzYlg=="
    },
    "pcm": {
      "version": "1.0.3",
      "resolved": "https://registry.npmjs.org/pcm/-/pcm-1.0.3.tgz",
      "integrity": "sha512-N/qULxlCd++KuA4gAi9+wG9HpPmSOHowYj6KumrGsaoDVrcswut6K/GomqoFcbVXSnAnAf2SevVn1ehTQgFdHA=="
    }
  }
}
