{
  "name": "mepper",
  "lockfileVersion": 2,
  "requires": true,
  "packages": {
    "": {
      "dependencies": {
        "ascii-bar": "^1.0.3",
        "audio-frequency-tempered": "^1.0.1",
        "fourier": "^0.3.0",
        "pcm": "^1.0.3",
        "tweakpane": "^3.1.0"
      }
    },
    "node_modules/ascii-bar": {
      "version": "1.0.3",
      "resolved": "https://registry.npmjs.org/ascii-bar/-/ascii-bar-1.0.3.tgz",
      "integrity": "sha512-03/Or+57cC3kGc7oOS4ASt/HPmApUfEs+pGd+W2Z878Y2CpZ76xKiNxTxwdLFlFXFBnJNFM1c6kO8fuYwwzYlg=="
    },
    "node_modules/audio-frequency-tempered": {
      "version": "1.0.1",
      "resolved": "https://registry.npmjs.org/audio-frequency-tempered/-/audio-frequency-tempered-1.0.1.tgz",
      "integrity": "sha512-ilZsNHAsi3gQcXL0kynWgl26LXxsEGBjB+SgcctvUAlCj3ynv0Au36j+lfa+57Mv26IKVPSMWMwBbPybGXqTNw==",
      "dependencies": {
        "audio-frequency-to-index": "^2.0.0",
        "clamp": "^1.0.1"
      }
    },
    "node_modules/audio-frequency-to-index": {
      "version": "2.0.0",
      "resolved": "https://registry.npmjs.org/audio-frequency-to-index/-/audio-frequency-to-index-2.0.0.tgz",
      "integrity": "sha512-7zqlDEAsEkPB0ORRhjBlsK7KBZQtdgLLQcmemFD2V2KHPH4flqzDOheWl+U69K0P/LA7J/H5YBNzNWaoS/7WAQ==",
      "dependencies": {
        "clamp": "^1.0.1"
      }
    },
    "node_modules/clamp": {
      "version": "1.0.1",
      "resolved": "https://registry.npmjs.org/clamp/-/clamp-1.0.1.tgz",
      "integrity": "sha512-kgMuFyE78OC6Dyu3Dy7vcx4uy97EIbVxJB/B0eJ3bUNAkwdNcxYzgKltnyADiYwsR7SEqkkUPsEUT//OVS6XMA=="
    },
    "node_modules/fourier": {
      "version": "0.3.0",
      "resolved": "https://registry.npmjs.org/fourier/-/fourier-0.3.0.tgz",
      "integrity": "sha512-MMnAXIUDT8XVXYOcIX2iTbahq309qMnrbRenzNNLgbx8+utPKdBBGqbDUb/cUMJ+/gku7pueBAKgkPgXZWCcAw==",
      "dependencies": {
        "lodash.range": "^3.2.0"
      },
      "bin": {
        "fourier": "bin/benchmark.js"
      }
    },
    "node_modules/lodash.range": {
      "version": "3.2.0",
      "resolved": "https://registry.npmjs.org/lodash.range/-/lodash.range-3.2.0.tgz",
      "integrity": "sha512-Fgkb7SinmuzqgIhNhAElo0BL/R1rHCnhwSZf78omqSwvWqD0kD2ssOAutQonDKH/ldS8BxA72ORYI09qAY9CYg=="
    },
    "node_modules/pcm": {
      "version": "1.0.3",
      "resolved": "https://registry.npmjs.org/pcm/-/pcm-1.0.3.tgz",
      "integrity": "sha512-N/qULxlCd++KuA4gAi9+wG9HpPmSOHowYj6KumrGsaoDVrcswut6K/GomqoFcbVXSnAnAf2SevVn1ehTQgFdHA=="
    },
    "node_modules/tweakpane": {
      "version": "3.1.0",
      "resolved": "https://registry.npmjs.org/tweakpane/-/tweakpane-3.1.0.tgz",
      "integrity": "sha512-PGAp/LPQdHwzL7/iAW4lV1p9iPQTti7YMjMWO48CoYjvZRS59RmgQnhEGzKzqST1JnmOYmQUjTe8bdhlZRJs5A==",
      "funding": {
        "url": "https://github.com/sponsors/cocopon"
      }
    }
  },
  "dependencies": {
    "ascii-bar": {
      "version": "1.0.3",
      "resolved": "https://registry.npmjs.org/ascii-bar/-/ascii-bar-1.0.3.tgz",
      "integrity": "sha512-03/Or+57cC3kGc7oOS4ASt/HPmApUfEs+pGd+W2Z878Y2CpZ76xKiNxTxwdLFlFXFBnJNFM1c6kO8fuYwwzYlg=="
    },
    "audio-frequency-tempered": {
      "version": "1.0.1",
      "resolved": "https://registry.npmjs.org/audio-frequency-tempered/-/audio-frequency-tempered-1.0.1.tgz",
      "integrity": "sha512-ilZsNHAsi3gQcXL0kynWgl26LXxsEGBjB+SgcctvUAlCj3ynv0Au36j+lfa+57Mv26IKVPSMWMwBbPybGXqTNw==",
      "requires": {
        "audio-frequency-to-index": "^2.0.0",
        "clamp": "^1.0.1"
      }
    },
    "audio-frequency-to-index": {
      "version": "2.0.0",
      "resolved": "https://registry.npmjs.org/audio-frequency-to-index/-/audio-frequency-to-index-2.0.0.tgz",
      "integrity": "sha512-7zqlDEAsEkPB0ORRhjBlsK7KBZQtdgLLQcmemFD2V2KHPH4flqzDOheWl+U69K0P/LA7J/H5YBNzNWaoS/7WAQ==",
      "requires": {
        "clamp": "^1.0.1"
      }
    },
    "clamp": {
      "version": "1.0.1",
      "resolved": "https://registry.npmjs.org/clamp/-/clamp-1.0.1.tgz",
      "integrity": "sha512-kgMuFyE78OC6Dyu3Dy7vcx4uy97EIbVxJB/B0eJ3bUNAkwdNcxYzgKltnyADiYwsR7SEqkkUPsEUT//OVS6XMA=="
    },
    "fourier": {
      "version": "0.3.0",
      "resolved": "https://registry.npmjs.org/fourier/-/fourier-0.3.0.tgz",
      "integrity": "sha512-MMnAXIUDT8XVXYOcIX2iTbahq309qMnrbRenzNNLgbx8+utPKdBBGqbDUb/cUMJ+/gku7pueBAKgkPgXZWCcAw==",
      "requires": {
        "lodash.range": "^3.2.0"
      }
    },
    "lodash.range": {
      "version": "3.2.0",
      "resolved": "https://registry.npmjs.org/lodash.range/-/lodash.range-3.2.0.tgz",
      "integrity": "sha512-Fgkb7SinmuzqgIhNhAElo0BL/R1rHCnhwSZf78omqSwvWqD0kD2ssOAutQonDKH/ldS8BxA72ORYI09qAY9CYg=="
    },
    "pcm": {
      "version": "1.0.3",
      "resolved": "https://registry.npmjs.org/pcm/-/pcm-1.0.3.tgz",
      "integrity": "sha512-N/qULxlCd++KuA4gAi9+wG9HpPmSOHowYj6KumrGsaoDVrcswut6K/GomqoFcbVXSnAnAf2SevVn1ehTQgFdHA=="
    },
    "tweakpane": {
      "version": "3.1.0",
      "resolved": "https://registry.npmjs.org/tweakpane/-/tweakpane-3.1.0.tgz",
      "integrity": "sha512-PGAp/LPQdHwzL7/iAW4lV1p9iPQTti7YMjMWO48CoYjvZRS59RmgQnhEGzKzqST1JnmOYmQUjTe8bdhlZRJs5A=="
    }
  }
}
